// !$*UTF8*$!
{
	archiveVersion = 1;
	classes = {
	};
	objectVersion = 55;
	objects = {

/* Begin PBXBuildFile section */
		15A808E7598F8622D24F654B /* Pods_GRPC_Example.framework in Frameworks */ = {isa = PBXBuildFile; fileRef = EEA8D3A272C0001651D02B1D /* Pods_GRPC_Example.framework */; };
		FC7443282752787E004F1330 /* AppDelegate.swift in Sources */ = {isa = PBXBuildFile; fileRef = FC7443272752787E004F1330 /* AppDelegate.swift */; };
		FC74432A2752787E004F1330 /* SceneDelegate.swift in Sources */ = {isa = PBXBuildFile; fileRef = FC7443292752787E004F1330 /* SceneDelegate.swift */; };
		FC74432C2752787E004F1330 /* ViewController.swift in Sources */ = {isa = PBXBuildFile; fileRef = FC74432B2752787E004F1330 /* ViewController.swift */; };
		FC74432F2752787E004F1330 /* Main.storyboard in Resources */ = {isa = PBXBuildFile; fileRef = FC74432D2752787E004F1330 /* Main.storyboard */; };
		FC74433127527881004F1330 /* Assets.xcassets in Resources */ = {isa = PBXBuildFile; fileRef = FC74433027527881004F1330 /* Assets.xcassets */; };
		FC74433427527881004F1330 /* LaunchScreen.storyboard in Resources */ = {isa = PBXBuildFile; fileRef = FC74433227527881004F1330 /* LaunchScreen.storyboard */; };
		FCA53EF127541732009BC9EA /* EventCell.swift in Sources */ = {isa = PBXBuildFile; fileRef = FCA53EF027541732009BC9EA /* EventCell.swift */; };
		FCD954022752966D007C7F19 /* Events.grpc.swift in Sources */ = {isa = PBXBuildFile; fileRef = FCD954002752966C007C7F19 /* Events.grpc.swift */; };
		FCD954032752966D007C7F19 /* Events.pb.swift in Sources */ = {isa = PBXBuildFile; fileRef = FCD954012752966D007C7F19 /* Events.pb.swift */; };
		FCD954052752968C007C7F19 /* GRPCHandler.swift in Sources */ = {isa = PBXBuildFile; fileRef = FCD954042752968B007C7F19 /* GRPCHandler.swift */; };
/* End PBXBuildFile section */

/* Begin PBXFileReference section */
		2C9A86079D2CC4B0527ADC6E /* Pods-GRPC Example.release.xcconfig */ = {isa = PBXFileReference; includeInIndex = 1; lastKnownFileType = text.xcconfig; name = "Pods-GRPC Example.release.xcconfig"; path = "Target Support Files/Pods-GRPC Example/Pods-GRPC Example.release.xcconfig"; sourceTree = "<group>"; };
		97550DD8BA131295D304E9BC /* Pods-GRPC Example.debug.xcconfig */ = {isa = PBXFileReference; includeInIndex = 1; lastKnownFileType = text.xcconfig; name = "Pods-GRPC Example.debug.xcconfig"; path = "Target Support Files/Pods-GRPC Example/Pods-GRPC Example.debug.xcconfig"; sourceTree = "<group>"; };
		EEA8D3A272C0001651D02B1D /* Pods_GRPC_Example.framework */ = {isa = PBXFileReference; explicitFileType = wrapper.framework; includeInIndex = 0; path = Pods_GRPC_Example.framework; sourceTree = BUILT_PRODUCTS_DIR; };
		FC7443242752787E004F1330 /* GRPC Example.app */ = {isa = PBXFileReference; explicitFileType = wrapper.application; includeInIndex = 0; path = "GRPC Example.app"; sourceTree = BUILT_PRODUCTS_DIR; };
		FC7443272752787E004F1330 /* AppDelegate.swift */ = {isa = PBXFileReference; lastKnownFileType = sourcecode.swift; path = AppDelegate.swift; sourceTree = "<group>"; };
		FC7443292752787E004F1330 /* SceneDelegate.swift */ = {isa = PBXFileReference; lastKnownFileType = sourcecode.swift; path = SceneDelegate.swift; sourceTree = "<group>"; };
		FC74432B2752787E004F1330 /* ViewController.swift */ = {isa = PBXFileReference; lastKnownFileType = sourcecode.swift; path = ViewController.swift; sourceTree = "<group>"; };
		FC74432E2752787E004F1330 /* Base */ = {isa = PBXFileReference; lastKnownFileType = file.storyboard; name = Base; path = Base.lproj/Main.storyboard; sourceTree = "<group>"; };
		FC74433027527881004F1330 /* Assets.xcassets */ = {isa = PBXFileReference; lastKnownFileType = folder.assetcatalog; path = Assets.xcassets; sourceTree = "<group>"; };
		FC74433327527881004F1330 /* Base */ = {isa = PBXFileReference; lastKnownFileType = file.storyboard; name = Base; path = Base.lproj/LaunchScreen.storyboard; sourceTree = "<group>"; };
		FC74433527527881004F1330 /* Info.plist */ = {isa = PBXFileReference; lastKnownFileType = text.plist.xml; path = Info.plist; sourceTree = "<group>"; };
		FCA53EF027541732009BC9EA /* EventCell.swift */ = {isa = PBXFileReference; lastKnownFileType = sourcecode.swift; path = EventCell.swift; sourceTree = "<group>"; };
		FCD954002752966C007C7F19 /* Events.grpc.swift */ = {isa = PBXFileReference; fileEncoding = 4; lastKnownFileType = sourcecode.swift; path = Events.grpc.swift; sourceTree = "<group>"; };
		FCD954012752966D007C7F19 /* Events.pb.swift */ = {isa = PBXFileReference; fileEncoding = 4; lastKnownFileType = sourcecode.swift; path = Events.pb.swift; sourceTree = "<group>"; };
		FCD954042752968B007C7F19 /* GRPCHandler.swift */ = {isa = PBXFileReference; lastKnownFileType = sourcecode.swift; path = GRPCHandler.swift; sourceTree = "<group>"; };
/* End PBXFileReference section */

/* Begin PBXFrameworksBuildPhase section */
		FC7443212752787E004F1330 /* Frameworks */ = {
			isa = PBXFrameworksBuildPhase;
			buildActionMask = 2147483647;
			files = (
				15A808E7598F8622D24F654B /* Pods_GRPC_Example.framework in Frameworks */,
			);
			runOnlyForDeploymentPostprocessing = 0;
		};
/* End PBXFrameworksBuildPhase section */

/* Begin PBXGroup section */
		6383FB15B80454AAA7B7E8AE /* Frameworks */ = {
			isa = PBXGroup;
			children = (
				EEA8D3A272C0001651D02B1D /* Pods_GRPC_Example.framework */,
			);
			name = Frameworks;
			sourceTree = "<group>";
		};
		EFF6F73787718E9AC7DC38A8 /* Pods */ = {
			isa = PBXGroup;
			children = (
				97550DD8BA131295D304E9BC /* Pods-GRPC Example.debug.xcconfig */,
				2C9A86079D2CC4B0527ADC6E /* Pods-GRPC Example.release.xcconfig */,
			);
			path = Pods;
			sourceTree = "<group>";
		};
		FC74431B2752787E004F1330 = {
			isa = PBXGroup;
			children = (
				FC7443262752787E004F1330 /* GRPC Example */,
				FC7443252752787E004F1330 /* Products */,
				EFF6F73787718E9AC7DC38A8 /* Pods */,
				6383FB15B80454AAA7B7E8AE /* Frameworks */,
			);
			sourceTree = "<group>";
		};
		FC7443252752787E004F1330 /* Products */ = {
			isa = PBXGroup;
			children = (
				FC7443242752787E004F1330 /* GRPC Example.app */,
			);
			name = Products;
			sourceTree = "<group>";
		};
		FC7443262752787E004F1330 /* GRPC Example */ = {
			isa = PBXGroup;
			children = (
				FC7443272752787E004F1330 /* AppDelegate.swift */,
				FC7443292752787E004F1330 /* SceneDelegate.swift */,
				FC74432B2752787E004F1330 /* ViewController.swift */,
				FCD954042752968B007C7F19 /* GRPCHandler.swift */,
				FCA53EF027541732009BC9EA /* EventCell.swift */,
				FCD954002752966C007C7F19 /* Events.grpc.swift */,
				FCD954012752966D007C7F19 /* Events.pb.swift */,
				FC74432D2752787E004F1330 /* Main.storyboard */,
				FC74433027527881004F1330 /* Assets.xcassets */,
				FC74433227527881004F1330 /* LaunchScreen.storyboard */,
				FC74433527527881004F1330 /* Info.plist */,
			);
			path = "GRPC Example";
			sourceTree = "<group>";
		};
/* End PBXGroup section */

/* Begin PBXNativeTarget section */
		FC7443232752787E004F1330 /* GRPC Example */ = {
			isa = PBXNativeTarget;
			buildConfigurationList = FC74433827527881004F1330 /* Build configuration list for PBXNativeTarget "GRPC Example" */;
			buildPhases = (
				08B420B5EA985ECB26D1522A /* [CP] Check Pods Manifest.lock */,
				FC7443202752787E004F1330 /* Sources */,
				FC7443212752787E004F1330 /* Frameworks */,
				FC7443222752787E004F1330 /* Resources */,
				204BD2FEB81F408BF8BD54ED /* [CP] Embed Pods Frameworks */,
			);
			buildRules = (
			);
			dependencies = (
			);
			name = "GRPC Example";
			productName = "GRPC Example";
			productReference = FC7443242752787E004F1330 /* GRPC Example.app */;
			productType = "com.apple.product-type.application";
		};
/* End PBXNativeTarget section */

/* Begin PBXProject section */
		FC74431C2752787E004F1330 /* Project object */ = {
			isa = PBXProject;
			attributes = {
				BuildIndependentTargetsInParallel = 1;
				LastSwiftUpdateCheck = 1300;
				LastUpgradeCheck = 1300;
				TargetAttributes = {
					FC7443232752787E004F1330 = {
						CreatedOnToolsVersion = 13.0;
					};
				};
			};
			buildConfigurationList = FC74431F2752787E004F1330 /* Build configuration list for PBXProject "GRPC Example" */;
			compatibilityVersion = "Xcode 13.0";
			developmentRegion = en;
			hasScannedForEncodings = 0;
			knownRegions = (
				en,
				Base,
			);
			mainGroup = FC74431B2752787E004F1330;
			productRefGroup = FC7443252752787E004F1330 /* Products */;
			projectDirPath = "";
			projectRoot = "";
			targets = (
				FC7443232752787E004F1330 /* GRPC Example */,
			);
		};
/* End PBXProject section */

/* Begin PBXResourcesBuildPhase section */
		FC7443222752787E004F1330 /* Resources */ = {
			isa = PBXResourcesBuildPhase;
			buildActionMask = 2147483647;
			files = (
				FC74433427527881004F1330 /* LaunchScreen.storyboard in Resources */,
				FC74433127527881004F1330 /* Assets.xcassets in Resources */,
				FC74432F2752787E004F1330 /* Main.storyboard in Resources */,
			);
			runOnlyForDeploymentPostprocessing = 0;
		};
/* End PBXResourcesBuildPhase section */

/* Begin PBXShellScriptBuildPhase section */
		08B420B5EA985ECB26D1522A /* [CP] Check Pods Manifest.lock */ = {
			isa = PBXShellScriptBuildPhase;
			buildActionMask = 2147483647;
			files = (
			);
			inputFileListPaths = (
			);
			inputPaths = (
				"${PODS_PODFILE_DIR_PATH}/Podfile.lock",
				"${PODS_ROOT}/Manifest.lock",
			);
			name = "[CP] Check Pods Manifest.lock";
			outputFileListPaths = (
			);
			outputPaths = (
				"$(DERIVED_FILE_DIR)/Pods-GRPC Example-checkManifestLockResult.txt",
			);
			runOnlyForDeploymentPostprocessing = 0;
			shellPath = /bin/sh;
			shellScript = "diff \"${PODS_PODFILE_DIR_PATH}/Podfile.lock\" \"${PODS_ROOT}/Manifest.lock\" > /dev/null\nif [ $? != 0 ] ; then\n    # print error to STDERR\n    echo \"error: The sandbox is not in sync with the Podfile.lock. Run 'pod install' or update your CocoaPods installation.\" >&2\n    exit 1\nfi\n# This output is used by Xcode 'outputs' to avoid re-running this script phase.\necho \"SUCCESS\" > \"${SCRIPT_OUTPUT_FILE_0}\"\n";
			showEnvVarsInLog = 0;
		};
		204BD2FEB81F408BF8BD54ED /* [CP] Embed Pods Frameworks */ = {
			isa = PBXShellScriptBuildPhase;
			buildActionMask = 2147483647;
			files = (
			);
			inputFileListPaths = (
				"${PODS_ROOT}/Target Support Files/Pods-GRPC Example/Pods-GRPC Example-frameworks-${CONFIGURATION}-input-files.xcfilelist",
			);
			name = "[CP] Embed Pods Frameworks";
			outputFileListPaths = (
				"${PODS_ROOT}/Target Support Files/Pods-GRPC Example/Pods-GRPC Example-frameworks-${CONFIGURATION}-output-files.xcfilelist",
			);
			runOnlyForDeploymentPostprocessing = 0;
			shellPath = /bin/sh;
			shellScript = "\"${PODS_ROOT}/Target Support Files/Pods-GRPC Example/Pods-GRPC Example-frameworks.sh\"\n";
			showEnvVarsInLog = 0;
		};
/* End PBXShellScriptBuildPhase section */

/* Begin PBXSourcesBuildPhase section */
		FC7443202752787E004F1330 /* Sources */ = {
			isa = PBXSourcesBuildPhase;
			buildActionMask = 2147483647;
			files = (
				FC74432C2752787E004F1330 /* ViewController.swift in Sources */,
				FC7443282752787E004F1330 /* AppDelegate.swift in Sources */,
				FCD954032752966D007C7F19 /* Events.pb.swift in Sources */,
				FC74432A2752787E004F1330 /* SceneDelegate.swift in Sources */,
				FCD954052752968C007C7F19 /* GRPCHandler.swift in Sources */,
				FCD954022752966D007C7F19 /* Events.grpc.swift in Sources */,
				FCA53EF127541732009BC9EA /* EventCell.swift in Sources */,
			);
			runOnlyForDeploymentPostprocessing = 0;
		};
/* End PBXSourcesBuildPhase section */

/* Begin PBXVariantGroup section */
		FC74432D2752787E004F1330 /* Main.storyboard */ = {
			isa = PBXVariantGroup;
			children = (
				FC74432E2752787E004F1330 /* Base */,
			);
			name = Main.storyboard;
			sourceTree = "<group>";
		};
		FC74433227527881004F1330 /* LaunchScreen.storyboard */ = {
			isa = PBXVariantGroup;
			children = (
				FC74433327527881004F1330 /* Base */,
			);
			name = LaunchScreen.storyboard;
			sourceTree = "<group>";
		};
/* End PBXVariantGroup section */

/* Begin XCBuildConfiguration section */
		FC74433627527881004F1330 /* Debug */ = {
			isa = XCBuildConfiguration;
			buildSettings = {
				ALWAYS_SEARCH_USER_PATHS = NO;
				CLANG_ANALYZER_NONNULL = YES;
				CLANG_ANALYZER_NUMBER_OBJECT_CONVERSION = YES_AGGRESSIVE;
				CLANG_CXX_LANGUAGE_STANDARD = "gnu++17";
				CLANG_CXX_LIBRARY = "libc++";
				CLANG_ENABLE_MODULES = YES;
				CLANG_ENABLE_OBJC_ARC = YES;
				CLANG_ENABLE_OBJC_WEAK = YES;
				CLANG_WARN_BLOCK_CAPTURE_AUTORELEASING = YES;
				CLANG_WARN_BOOL_CONVERSION = YES;
				CLANG_WARN_COMMA = YES;
				CLANG_WARN_CONSTANT_CONVERSION = YES;
				CLANG_WARN_DEPRECATED_OBJC_IMPLEMENTATIONS = YES;
				CLANG_WARN_DIRECT_OBJC_ISA_USAGE = YES_ERROR;
				CLANG_WARN_DOCUMENTATION_COMMENTS = YES;
				CLANG_WARN_EMPTY_BODY = YES;
				CLANG_WARN_ENUM_CONVERSION = YES;
				CLANG_WARN_INFINITE_RECURSION = YES;
				CLANG_WARN_INT_CONVERSION = YES;
				CLANG_WARN_NON_LITERAL_NULL_CONVERSION = YES;
				CLANG_WARN_OBJC_IMPLICIT_RETAIN_SELF = YES;
				CLANG_WARN_OBJC_LITERAL_CONVERSION = YES;
				CLANG_WARN_OBJC_ROOT_CLASS = YES_ERROR;
				CLANG_WARN_QUOTED_INCLUDE_IN_FRAMEWORK_HEADER = YES;
				CLANG_WARN_RANGE_LOOP_ANALYSIS = YES;
				CLANG_WARN_STRICT_PROTOTYPES = YES;
				CLANG_WARN_SUSPICIOUS_MOVE = YES;
				CLANG_WARN_UNGUARDED_AVAILABILITY = YES_AGGRESSIVE;
				CLANG_WARN_UNREACHABLE_CODE = YES;
				CLANG_WARN__DUPLICATE_METHOD_MATCH = YES;
				COPY_PHASE_STRIP = NO;
				DEBUG_INFORMATION_FORMAT = dwarf;
				ENABLE_STRICT_OBJC_MSGSEND = YES;
				ENABLE_TESTABILITY = YES;
				GCC_C_LANGUAGE_STANDARD = gnu11;
				GCC_DYNAMIC_NO_PIC = NO;
				GCC_NO_COMMON_BLOCKS = YES;
				GCC_OPTIMIZATION_LEVEL = 0;
				GCC_PREPROCESSOR_DEFINITIONS = (
					"DEBUG=1",
					"$(inherited)",
				);
				GCC_WARN_64_TO_32_BIT_CONVERSION = YES;
				GCC_WARN_ABOUT_RETURN_TYPE = YES_ERROR;
				GCC_WARN_UNDECLARED_SELECTOR = YES;
				GCC_WARN_UNINITIALIZED_AUTOS = YES_AGGRESSIVE;
				GCC_WARN_UNUSED_FUNCTION = YES;
				GCC_WARN_UNUSED_VARIABLE = YES;
				IPHONEOS_DEPLOYMENT_TARGET = 15.0;
				MTL_ENABLE_DEBUG_INFO = INCLUDE_SOURCE;
				MTL_FAST_MATH = YES;
				ONLY_ACTIVE_ARCH = YES;
				SDKROOT = iphoneos;
				SWIFT_ACTIVE_COMPILATION_CONDITIONS = DEBUG;
				SWIFT_OPTIMIZATION_LEVEL = "-Onone";
			};
			name = Debug;
		};
		FC74433727527881004F1330 /* Release */ = {
			isa = XCBuildConfiguration;
			buildSettings = {
				ALWAYS_SEARCH_USER_PATHS = NO;
				CLANG_ANALYZER_NONNULL = YES;
				CLANG_ANALYZER_NUMBER_OBJECT_CONVERSION = YES_AGGRESSIVE;
				CLANG_CXX_LANGUAGE_STANDARD = "gnu++17";
				CLANG_CXX_LIBRARY = "libc++";
				CLANG_ENABLE_MODULES = YES;
				CLANG_ENABLE_OBJC_ARC = YES;
				CLANG_ENABLE_OBJC_WEAK = YES;
				CLANG_WARN_BLOCK_CAPTURE_AUTORELEASING = YES;
				CLANG_WARN_BOOL_CONVERSION = YES;
				CLANG_WARN_COMMA = YES;
				CLANG_WARN_CONSTANT_CONVERSION = YES;
				CLANG_WARN_DEPRECATED_OBJC_IMPLEMENTATIONS = YES;
				CLANG_WARN_DIRECT_OBJC_ISA_USAGE = YES_ERROR;
				CLANG_WARN_DOCUMENTATION_COMMENTS = YES;
				CLANG_WARN_EMPTY_BODY = YES;
				CLANG_WARN_ENUM_CONVERSION = YES;
				CLANG_WARN_INFINITE_RECURSION = YES;
				CLANG_WARN_INT_CONVERSION = YES;
				CLANG_WARN_NON_LITERAL_NULL_CONVERSION = YES;
				CLANG_WARN_OBJC_IMPLICIT_RETAIN_SELF = YES;
				CLANG_WARN_OBJC_LITERAL_CONVERSION = YES;
				CLANG_WARN_OBJC_ROOT_CLASS = YES_ERROR;
				CLANG_WARN_QUOTED_INCLUDE_IN_FRAMEWORK_HEADER = YES;
				CLANG_WARN_RANGE_LOOP_ANALYSIS = YES;
				CLANG_WARN_STRICT_PROTOTYPES = YES;
				CLANG_WARN_SUSPICIOUS_MOVE = YES;
				CLANG_WARN_UNGUARDED_AVAILABILITY = YES_AGGRESSIVE;
				CLANG_WARN_UNREACHABLE_CODE = YES;
				CLANG_WARN__DUPLICATE_METHOD_MATCH = YES;
				COPY_PHASE_STRIP = NO;
				DEBUG_INFORMATION_FORMAT = "dwarf-with-dsym";
				ENABLE_NS_ASSERTIONS = NO;
				ENABLE_STRICT_OBJC_MSGSEND = YES;
				GCC_C_LANGUAGE_STANDARD = gnu11;
				GCC_NO_COMMON_BLOCKS = YES;
				GCC_WARN_64_TO_32_BIT_CONVERSION = YES;
				GCC_WARN_ABOUT_RETURN_TYPE = YES_ERROR;
				GCC_WARN_UNDECLARED_SELECTOR = YES;
				GCC_WARN_UNINITIALIZED_AUTOS = YES_AGGRESSIVE;
				GCC_WARN_UNUSED_FUNCTION = YES;
				GCC_WARN_UNUSED_VARIABLE = YES;
				IPHONEOS_DEPLOYMENT_TARGET = 15.0;
				MTL_ENABLE_DEBUG_INFO = NO;
				MTL_FAST_MATH = YES;
				SDKROOT = iphoneos;
				SWIFT_COMPILATION_MODE = wholemodule;
				SWIFT_OPTIMIZATION_LEVEL = "-O";
				VALIDATE_PRODUCT = YES;
			};
			name = Release;
		};
		FC74433927527881004F1330 /* Debug */ = {
			isa = XCBuildConfiguration;
			baseConfigurationReference = 97550DD8BA131295D304E9BC /* Pods-GRPC Example.debug.xcconfig */;
			buildSettings = {
				ASSETCATALOG_COMPILER_APPICON_NAME = AppIcon;
				ASSETCATALOG_COMPILER_GLOBAL_ACCENT_COLOR_NAME = AccentColor;
				CODE_SIGN_STYLE = Automatic;
				CURRENT_PROJECT_VERSION = 1;
				DEVELOPMENT_TEAM = 7SCF2XB98F;
				GENERATE_INFOPLIST_FILE = YES;
				INFOPLIST_FILE = "GRPC Example/Info.plist";
				INFOPLIST_KEY_UIApplicationSupportsIndirectInputEvents = YES;
				INFOPLIST_KEY_UILaunchStoryboardName = LaunchScreen;
				INFOPLIST_KEY_UIMainStoryboardFile = Main;
				INFOPLIST_KEY_UISupportedInterfaceOrientations_iPad = "UIInterfaceOrientationPortrait UIInterfaceOrientationPortraitUpsideDown UIInterfaceOrientationLandscapeLeft UIInterfaceOrientationLandscapeRight";
				INFOPLIST_KEY_UISupportedInterfaceOrientations_iPhone = "UIInterfaceOrientationPortrait UIInterfaceOrientationLandscapeLeft UIInterfaceOrientationLandscapeRight";
				LD_RUNPATH_SEARCH_PATHS = (
					"$(inherited)",
					"@executable_path/Frameworks",
				);
				MARKETING_VERSION = 1.0;
				PRODUCT_BUNDLE_IDENTIFIER = "MertGurcan.GRPC-Example";
				PRODUCT_NAME = "$(TARGET_NAME)";
				SWIFT_EMIT_LOC_STRINGS = YES;
				SWIFT_VERSION = 5.0;
				TARGETED_DEVICE_FAMILY = "1,2";
			};
			name = Debug;
		};
		FC74433A27527881004F1330 /* Release */ = {
			isa = XCBuildConfiguration;
			baseConfigurationReference = 2C9A86079D2CC4B0527ADC6E /* Pods-GRPC Example.release.xcconfig */;
			buildSettings = {
				ASSETCATALOG_COMPILER_APPICON_NAME = AppIcon;
				ASSETCATALOG_COMPILER_GLOBAL_ACCENT_COLOR_NAME = AccentColor;
				CODE_SIGN_STYLE = Automatic;
				CURRENT_PROJECT_VERSION = 1;
				DEVELOPMENT_TEAM = 7SCF2XB98F;
				GENERATE_INFOPLIST_FILE = YES;
				INFOPLIST_FILE = "GRPC Example/Info.plist";
				INFOPLIST_KEY_UIApplicationSupportsIndirectInputEvents = YES;
				INFOPLIST_KEY_UILaunchStoryboardName = LaunchScreen;
				INFOPLIST_KEY_UIMainStoryboardFile = Main;
				INFOPLIST_KEY_UISupportedInterfaceOrientations_iPad = "UIInterfaceOrientationPortrait UIInterfaceOrientationPortraitUpsideDown UIInterfaceOrientationLandscapeLeft UIInterfaceOrientationLandscapeRight";
				INFOPLIST_KEY_UISupportedInterfaceOrientations_iPhone = "UIInterfaceOrientationPortrait UIInterfaceOrientationLandscapeLeft UIInterfaceOrientationLandscapeRight";
				LD_RUNPATH_SEARCH_PATHS = (
					"$(inherited)",
					"@executable_path/Frameworks",
				);
				MARKETING_VERSION = 1.0;
				PRODUCT_BUNDLE_IDENTIFIER = "MertGurcan.GRPC-Example";
				PRODUCT_NAME = "$(TARGET_NAME)";
				SWIFT_EMIT_LOC_STRINGS = YES;
				SWIFT_VERSION = 5.0;
				TARGETED_DEVICE_FAMILY = "1,2";
			};
			name = Release;
		};
/* End XCBuildConfiguration section */

/* Begin XCConfigurationList section */
		FC74431F2752787E004F1330 /* Build configuration list for PBXProject "GRPC Example" */ = {
			isa = XCConfigurationList;
			buildConfigurations = (
				FC74433627527881004F1330 /* Debug */,
				FC74433727527881004F1330 /* Release */,
			);
			defaultConfigurationIsVisible = 0;
			defaultConfigurationName = Release;
		};
		FC74433827527881004F1330 /* Build configuration list for PBXNativeTarget "GRPC Example" */ = {
			isa = XCConfigurationList;
			buildConfigurations = (
				FC74433927527881004F1330 /* Debug */,
				FC74433A27527881004F1330 /* Release */,
			);
			defaultConfigurationIsVisible = 0;
			defaultConfigurationName = Release;
		};
/* End XCConfigurationList section */
	};
	rootObject = FC74431C2752787E004F1330 /* Project object */;
}
